# THIS IS AN AUTOGENERATED FILE. DO NOT EDIT THIS FILE DIRECTLY.
# yarn lockfile v1


bulma-slider@^0.0.2:
  version "0.0.2"
  resolved "https://registry.yarnpkg.com/bulma-slider/-/bulma-slider-0.0.2.tgz#589f03b654c434a2b39c9acaff3781b85e92e3e7"

bulma-tooltip@^0.0.4:
  version "0.0.4"
  resolved "https://registry.yarnpkg.com/bulma-tooltip/-/bulma-tooltip-0.0.4.tgz#05e734158a56fae839056a07f3e25ef09407c91a"

noty@^3.1.3:
  version "3.1.3"
  resolved "https://registry.yarnpkg.com/noty/-/noty-3.1.3.tgz#4fbc8068b9b6b29386f73c902a9ff84ad612ab14"
